
Microsoft Visual Studio Solution File, Format Version 12.00
# Visual Studio Version 16
VisualStudioVersion = 16.0.30309.148
MinimumVisualStudioVersion = 10.0.40219.1
Project("{FAE04EC0-301F-11D3-BF4B-00C04F79EFBC}") = "Blackjack", "Blackjack\Blackjack.csproj", "{603F9CFD-F586-45AA-8859-E1AEB8A7103E}"
EndProject
Global
	GlobalSection(SolutionConfigurationPlatforms) = preSolution
		Debug|Any CPU = Debug|Any CPU
		Release|Any CPU = Release|Any CPU
	EndGlobalSection
	GlobalSection(ProjectConfigurationPlatforms) = postSolution
		{603F9CFD-F586-45AA-8859-E1AEB8A7103E}.Debug|Any CPU.ActiveCfg = Debug|Any CPU
		{603F9CFD-F586-45AA-8859-E1AEB8A7103E}.Debug|Any CPU.Build.0 = Debug|Any CPU
		{603F9CFD-F586-45AA-8859-E1AEB8A7103E}.Release|Any CPU.ActiveCfg = Release|Any CPU
		{603F9CFD-F586-45AA-8859-E1AEB8A7103E}.Release|Any CPU.Build.0 = Release|Any CPU
	EndGlobalSection
	GlobalSection(SolutionProperties) = preSolution
		HideSolutionNode = FALSE
	EndGlobalSection
	GlobalSection(ExtensibilityGlobals) = postSolution
		SolutionGuid = {617E3E8F-8F95-431D-B697-BA7139872049}
	EndGlobalSection
EndGlobal
